
Microsoft Visual Studio Solution File, Format Version 12.00
# Visual Studio Version 16
VisualStudioVersion = 16.0.30523.141
MinimumVisualStudioVersion = 10.0.40219.1
Project("{9A19103F-16F7-4668-BE54-9A1E7A4F7556}") = "HelloWorldRunner", "HelloWorldConsole\HelloWorldRunner.csproj", "{29681DC3-06D1-44D6-93CD-C604AEE6D786}"
EndProject
Project("{9A19103F-16F7-4668-BE54-9A1E7A4F7556}") = "HelloWorld Web API", "HelloWorld Web API\HelloWorld Web API.csproj", "{EC71B5FD-8C36-43A4-B5D2-73B1D5C1474E}"
EndProject
Project("{FAE04EC0-301F-11D3-BF4B-00C04F79EFBC}") = "UnitTestHelloWorld", "UnitTestHelloWOrld\UnitTestHelloWorld.csproj", "{6D6C8FD2-A2C0-4E43-AB59-C916C1851DD1}"
EndProject
Global
	GlobalSection(SolutionConfigurationPlatforms) = preSolution
		Debug|Any CPU = Debug|Any CPU
		Release|Any CPU = Release|Any CPU
	EndGlobalSection
	GlobalSection(ProjectConfigurationPlatforms) = postSolution
		{29681DC3-06D1-44D6-93CD-C604AEE6D786}.Debug|Any CPU.ActiveCfg = Debug|Any CPU
		{29681DC3-06D1-44D6-93CD-C604AEE6D786}.Debug|Any CPU.Build.0 = Debug|Any CPU
		{29681DC3-06D1-44D6-93CD-C604AEE6D786}.Release|Any CPU.ActiveCfg = Release|Any CPU
		{29681DC3-06D1-44D6-93CD-C604AEE6D786}.Release|Any CPU.Build.0 = Release|Any CPU
		{EC71B5FD-8C36-43A4-B5D2-73B1D5C1474E}.Debug|Any CPU.ActiveCfg = Debug|Any CPU
		{EC71B5FD-8C36-43A4-B5D2-73B1D5C1474E}.Debug|Any CPU.Build.0 = Debug|Any CPU
		{EC71B5FD-8C36-43A4-B5D2-73B1D5C1474E}.Release|Any CPU.ActiveCfg = Release|Any CPU
		{EC71B5FD-8C36-43A4-B5D2-73B1D5C1474E}.Release|Any CPU.Build.0 = Release|Any CPU
		{6D6C8FD2-A2C0-4E43-AB59-C916C1851DD1}.Debug|Any CPU.ActiveCfg = Debug|Any CPU
		{6D6C8FD2-A2C0-4E43-AB59-C916C1851DD1}.Debug|Any CPU.Build.0 = Debug|Any CPU
		{6D6C8FD2-A2C0-4E43-AB59-C916C1851DD1}.Release|Any CPU.ActiveCfg = Release|Any CPU
		{6D6C8FD2-A2C0-4E43-AB59-C916C1851DD1}.Release|Any CPU.Build.0 = Release|Any CPU
	EndGlobalSection
	GlobalSection(SolutionProperties) = preSolution
		HideSolutionNode = FALSE
	EndGlobalSection
	GlobalSection(ExtensibilityGlobals) = postSolution
		SolutionGuid = {82996FB4-30C3-4BE0-B074-0309A469CDBD}
	EndGlobalSection
EndGlobal
